
Microsoft Visual Studio Solution File, Format Version 12.00
# Visual Studio Version 16
VisualStudioVersion = 16.0.30011.22
MinimumVisualStudioVersion = 10.0.40219.1
Project("{9A19103F-16F7-4668-BE54-9A1E7A4F7556}") = "Soccer.Common", "Soccer.Common\Soccer.Common.csproj", "{581BD37F-9BD3-46FF-AA5D-949C651BE1CC}"
EndProject
Project("{9A19103F-16F7-4668-BE54-9A1E7A4F7556}") = "Soccer.Web", "Soccer.Web\Soccer.Web.csproj", "{1C444888-B414-4974-9465-3E9B8792E28C}"
EndProject
Project("{9A19103F-16F7-4668-BE54-9A1E7A4F7556}") = "Soccer.Prism", "Soccer.Prism\Soccer.Prism\Soccer.Prism.csproj", "{C7EC305D-10E7-4248-B88E-9A5CDE31452D}"
EndProject
Project("{FAE04EC0-301F-11D3-BF4B-00C04F79EFBC}") = "Soccer.Prism.Android", "Soccer.Prism\Soccer.Prism.Android\Soccer.Prism.Android.csproj", "{C693F45C-EE96-4AA8-99D9-0A82F039735A}"
EndProject
Project("{FAE04EC0-301F-11D3-BF4B-00C04F79EFBC}") = "Soccer.Prism.iOS", "Soccer.Prism\Soccer.Prism.iOS\Soccer.Prism.iOS.csproj", "{B7759B6D-5BAD-4E3B-A2D1-0D66C997CC37}"
EndProject
Project("{FAE04EC0-301F-11D3-BF4B-00C04F79EFBC}") = "Soccer.Cross.Android", "Soccer.Cross.Android\Soccer.Cross.Android.csproj", "{BAE2E48D-C4B0-4C57-AFCB-B7983D9E64B4}"
EndProject
Project("{FAE04EC0-301F-11D3-BF4B-00C04F79EFBC}") = "Soccer.Cross.IOS", "Soccer.Cross.IOS\Soccer.Cross.IOS.csproj", "{2FB7E3BA-14FF-4CBD-808A-61E5391A0621}"
EndProject
Global
	GlobalSection(SolutionConfigurationPlatforms) = preSolution
		Ad-Hoc|Any CPU = Ad-Hoc|Any CPU
		Ad-Hoc|iPhone = Ad-Hoc|iPhone
		Ad-Hoc|iPhoneSimulator = Ad-Hoc|iPhoneSimulator
		AppStore|Any CPU = AppStore|Any CPU
		AppStore|iPhone = AppStore|iPhone
		AppStore|iPhoneSimulator = AppStore|iPhoneSimulator
		Debug|Any CPU = Debug|Any CPU
		Debug|iPhone = Debug|iPhone
		Debug|iPhoneSimulator = Debug|iPhoneSimulator
		Release|Any CPU = Release|Any CPU
		Release|iPhone = Release|iPhone
		Release|iPhoneSimulator = Release|iPhoneSimulator
	EndGlobalSection
	GlobalSection(ProjectConfigurationPlatforms) = postSolution
		{581BD37F-9BD3-46FF-AA5D-949C651BE1CC}.Ad-Hoc|Any CPU.ActiveCfg = Release|Any CPU
		{581BD37F-9BD3-46FF-AA5D-949C651BE1CC}.Ad-Hoc|Any CPU.Build.0 = Release|Any CPU
		{581BD37F-9BD3-46FF-AA5D-949C651BE1CC}.Ad-Hoc|iPhone.ActiveCfg = Release|Any CPU
		{581BD37F-9BD3-46FF-AA5D-949C651BE1CC}.Ad-Hoc|iPhone.Build.0 = Release|Any CPU
		{581BD37F-9BD3-46FF-AA5D-949C651BE1CC}.Ad-Hoc|iPhoneSimulator.ActiveCfg = Release|Any CPU
		{581BD37F-9BD3-46FF-AA5D-949C651BE1CC}.Ad-Hoc|iPhoneSimulator.Build.0 = Release|Any CPU
		{581BD37F-9BD3-46FF-AA5D-949C651BE1CC}.AppStore|Any CPU.ActiveCfg = Release|Any CPU
		{581BD37F-9BD3-46FF-AA5D-949C651BE1CC}.AppStore|Any CPU.Build.0 = Release|Any CPU
		{581BD37F-9BD3-46FF-AA5D-949C651BE1CC}.AppStore|iPhone.ActiveCfg = Release|Any CPU
		{581BD37F-9BD3-46FF-AA5D-949C651BE1CC}.AppStore|iPhone.Build.0 = Release|Any CPU
		{581BD37F-9BD3-46FF-AA5D-949C651BE1CC}.AppStore|iPhoneSimulator.ActiveCfg = Release|Any CPU
		{581BD37F-9BD3-46FF-AA5D-949C651BE1CC}.AppStore|iPhoneSimulator.Build.0 = Release|Any CPU
		{581BD37F-9BD3-46FF-AA5D-949C651BE1CC}.Debug|Any CPU.ActiveCfg = Debug|Any CPU
		{581BD37F-9BD3-46FF-AA5D-949C651BE1CC}.Debug|Any CPU.Build.0 = Debug|Any CPU
		{581BD37F-9BD3-46FF-AA5D-949C651BE1CC}.Debug|iPhone.ActiveCfg = Debug|Any CPU
		{581BD37F-9BD3-46FF-AA5D-949C651BE1CC}.Debug|iPhone.Build.0 = Debug|Any CPU
		{581BD37F-9BD3-46FF-AA5D-949C651BE1CC}.Debug|iPhoneSimulator.ActiveCfg = Debug|Any CPU
		{581BD37F-9BD3-46FF-AA5D-949C651BE1CC}.Debug|iPhoneSimulator.Build.0 = Debug|Any CPU
		{581BD37F-9BD3-46FF-AA5D-949C651BE1CC}.Release|Any CPU.ActiveCfg = Release|Any CPU
		{581BD37F-9BD3-46FF-AA5D-949C651BE1CC}.Release|Any CPU.Build.0 = Release|Any CPU
		{581BD37F-9BD3-46FF-AA5D-949C651BE1CC}.Release|iPhone.ActiveCfg = Release|Any CPU
		{581BD37F-9BD3-46FF-AA5D-949C651BE1CC}.Release|iPhone.Build.0 = Release|Any CPU
		{581BD37F-9BD3-46FF-AA5D-949C651BE1CC}.Release|iPhoneSimulator.ActiveCfg = Release|Any CPU
		{581BD37F-9BD3-46FF-AA5D-949C651BE1CC}.Release|iPhoneSimulator.Build.0 = Release|Any CPU
		{1C444888-B414-4974-9465-3E9B8792E28C}.Ad-Hoc|Any CPU.ActiveCfg = Release|Any CPU
		{1C444888-B414-4974-9465-3E9B8792E28C}.Ad-Hoc|Any CPU.Build.0 = Release|Any CPU
		{1C444888-B414-4974-9465-3E9B8792E28C}.Ad-Hoc|iPhone.ActiveCfg = Release|Any CPU
		{1C444888-B414-4974-9465-3E9B8792E28C}.Ad-Hoc|iPhone.Build.0 = Release|Any CPU
		{1C444888-B414-4974-9465-3E9B8792E28C}.Ad-Hoc|iPhoneSimulator.ActiveCfg = Release|Any CPU
		{1C444888-B414-4974-9465-3E9B8792E28C}.Ad-Hoc|iPhoneSimulator.Build.0 = Release|Any CPU
		{1C444888-B414-4974-9465-3E9B8792E28C}.AppStore|Any CPU.ActiveCfg = Release|Any CPU
		{1C444888-B414-4974-9465-3E9B8792E28C}.AppStore|Any CPU.Build.0 = Release|Any CPU
		{1C444888-B414-4974-9465-3E9B8792E28C}.AppStore|iPhone.ActiveCfg = Release|Any CPU
		{1C444888-B414-4974-9465-3E9B8792E28C}.AppStore|iPhone.Build.0 = Release|Any CPU
		{1C444888-B414-4974-9465-3E9B8792E28C}.AppStore|iPhoneSimulator.ActiveCfg = Release|Any CPU
		{1C444888-B414-4974-9465-3E9B8792E28C}.AppStore|iPhoneSimulator.Build.0 = Release|Any CPU
		{1C444888-B414-4974-9465-3E9B8792E28C}.Debug|Any CPU.ActiveCfg = Debug|Any CPU
		{1C444888-B414-4974-9465-3E9B8792E28C}.Debug|Any CPU.Build.0 = Debug|Any CPU
		{1C444888-B414-4974-9465-3E9B8792E28C}.Debug|iPhone.ActiveCfg = Debug|Any CPU
		{1C444888-B414-4974-9465-3E9B8792E28C}.Debug|iPhone.Build.0 = Debug|Any CPU
		{1C444888-B414-4974-9465-3E9B8792E28C}.Debug|iPhoneSimulator.ActiveCfg = Debug|Any CPU
		{1C444888-B414-4974-9465-3E9B8792E28C}.Debug|iPhoneSimulator.Build.0 = Debug|Any CPU
		{1C444888-B414-4974-9465-3E9B8792E28C}.Release|Any CPU.ActiveCfg = Release|Any CPU
		{1C444888-B414-4974-9465-3E9B8792E28C}.Release|Any CPU.Build.0 = Release|Any CPU
		{1C444888-B414-4974-9465-3E9B8792E28C}.Release|iPhone.ActiveCfg = Release|Any CPU
		{1C444888-B414-4974-9465-3E9B8792E28C}.Release|iPhone.Build.0 = Release|Any CPU
		{1C444888-B414-4974-9465-3E9B8792E28C}.Release|iPhoneSimulator.ActiveCfg = Release|Any CPU
		{1C444888-B414-4974-9465-3E9B8792E28C}.Release|iPhoneSimulator.Build.0 = Release|Any CPU
		{C7EC305D-10E7-4248-B88E-9A5CDE31452D}.Ad-Hoc|Any CPU.ActiveCfg = Debug|Any CPU
		{C7EC305D-10E7-4248-B88E-9A5CDE31452D}.Ad-Hoc|Any CPU.Build.0 = Debug|Any CPU
		{C7EC305D-10E7-4248-B88E-9A5CDE31452D}.Ad-Hoc|iPhone.ActiveCfg = Debug|Any CPU
		{C7EC305D-10E7-4248-B88E-9A5CDE31452D}.Ad-Hoc|iPhone.Build.0 = Debug|Any CPU
		{C7EC305D-10E7-4248-B88E-9A5CDE31452D}.Ad-Hoc|iPhoneSimulator.ActiveCfg = Debug|Any CPU
		{C7EC305D-10E7-4248-B88E-9A5CDE31452D}.Ad-Hoc|iPhoneSimulator.Build.0 = Debug|Any CPU
		{C7EC305D-10E7-4248-B88E-9A5CDE31452D}.AppStore|Any CPU.ActiveCfg = Debug|Any CPU
		{C7EC305D-10E7-4248-B88E-9A5CDE31452D}.AppStore|Any CPU.Build.0 = Debug|Any CPU
		{C7EC305D-10E7-4248-B88E-9A5CDE31452D}.AppStore|iPhone.ActiveCfg = Debug|Any CPU
		{C7EC305D-10E7-4248-B88E-9A5CDE31452D}.AppStore|iPhone.Build.0 = Debug|Any CPU
		{C7EC305D-10E7-4248-B88E-9A5CDE31452D}.AppStore|iPhoneSimulator.ActiveCfg = Debug|Any CPU
		{C7EC305D-10E7-4248-B88E-9A5CDE31452D}.AppStore|iPhoneSimulator.Build.0 = Debug|Any CPU
		{C7EC305D-10E7-4248-B88E-9A5CDE31452D}.Debug|Any CPU.ActiveCfg = Debug|Any CPU
		{C7EC305D-10E7-4248-B88E-9A5CDE31452D}.Debug|Any CPU.Build.0 = Debug|Any CPU
		{C7EC305D-10E7-4248-B88E-9A5CDE31452D}.Debug|iPhone.ActiveCfg = Debug|Any CPU
		{C7EC305D-10E7-4248-B88E-9A5CDE31452D}.Debug|iPhone.Build.0 = Debug|Any CPU
		{C7EC305D-10E7-4248-B88E-9A5CDE31452D}.Debug|iPhoneSimulator.ActiveCfg = Debug|Any CPU
		{C7EC305D-10E7-4248-B88E-9A5CDE31452D}.Debug|iPhoneSimulator.Build.0 = Debug|Any CPU
		{C7EC305D-10E7-4248-B88E-9A5CDE31452D}.Release|Any CPU.ActiveCfg = Release|Any CPU
		{C7EC305D-10E7-4248-B88E-9A5CDE31452D}.Release|Any CPU.Build.0 = Release|Any CPU
		{C7EC305D-10E7-4248-B88E-9A5CDE31452D}.Release|iPhone.ActiveCfg = Release|Any CPU
		{C7EC305D-10E7-4248-B88E-9A5CDE31452D}.Release|iPhone.Build.0 = Release|Any CPU
		{C7EC305D-10E7-4248-B88E-9A5CDE31452D}.Release|iPhoneSimulator.ActiveCfg = Release|Any CPU
		{C7EC305D-10E7-4248-B88E-9A5CDE31452D}.Release|iPhoneSimulator.Build.0 = Release|Any CPU
		{C693F45C-EE96-4AA8-99D9-0A82F039735A}.Ad-Hoc|Any CPU.ActiveCfg = Release|Any CPU
		{C693F45C-EE96-4AA8-99D9-0A82F039735A}.Ad-Hoc|Any CPU.Build.0 = Release|Any CPU
		{C693F45C-EE96-4AA8-99D9-0A82F039735A}.Ad-Hoc|Any CPU.Deploy.0 = Release|Any CPU
		{C693F45C-EE96-4AA8-99D9-0A82F039735A}.Ad-Hoc|iPhone.ActiveCfg = Release|Any CPU
		{C693F45C-EE96-4AA8-99D9-0A82F039735A}.Ad-Hoc|iPhone.Build.0 = Release|Any CPU
		{C693F45C-EE96-4AA8-99D9-0A82F039735A}.Ad-Hoc|iPhone.Deploy.0 = Release|Any CPU
		{C693F45C-EE96-4AA8-99D9-0A82F039735A}.Ad-Hoc|iPhoneSimulator.ActiveCfg = Release|Any CPU
		{C693F45C-EE96-4AA8-99D9-0A82F039735A}.Ad-Hoc|iPhoneSimulator.Build.0 = Release|Any CPU
		{C693F45C-EE96-4AA8-99D9-0A82F039735A}.Ad-Hoc|iPhoneSimulator.Deploy.0 = Release|Any CPU
		{C693F45C-EE96-4AA8-99D9-0A82F039735A}.AppStore|Any CPU.ActiveCfg = Release|Any CPU
		{C693F45C-EE96-4AA8-99D9-0A82F039735A}.AppStore|Any CPU.Build.0 = Release|Any CPU
		{C693F45C-EE96-4AA8-99D9-0A82F039735A}.AppStore|Any CPU.Deploy.0 = Release|Any CPU
		{C693F45C-EE96-4AA8-99D9-0A82F039735A}.AppStore|iPhone.ActiveCfg = Release|Any CPU
		{C693F45C-EE96-4AA8-99D9-0A82F039735A}.AppStore|iPhone.Build.0 = Release|Any CPU
		{C693F45C-EE96-4AA8-99D9-0A82F039735A}.AppStore|iPhone.Deploy.0 = Release|Any CPU
		{C693F45C-EE96-4AA8-99D9-0A82F039735A}.AppStore|iPhoneSimulator.ActiveCfg = Release|Any CPU
		{C693F45C-EE96-4AA8-99D9-0A82F039735A}.AppStore|iPhoneSimulator.Build.0 = Release|Any CPU
		{C693F45C-EE96-4AA8-99D9-0A82F039735A}.AppStore|iPhoneSimulator.Deploy.0 = Release|Any CPU
		{C693F45C-EE96-4AA8-99D9-0A82F039735A}.Debug|Any CPU.ActiveCfg = Debug|Any CPU
		{C693F45C-EE96-4AA8-99D9-0A82F039735A}.Debug|Any CPU.Build.0 = Debug|Any CPU
		{C693F45C-EE96-4AA8-99D9-0A82F039735A}.Debug|Any CPU.Deploy.0 = Debug|Any CPU
		{C693F45C-EE96-4AA8-99D9-0A82F039735A}.Debug|iPhone.ActiveCfg = Debug|Any CPU
		{C693F45C-EE96-4AA8-99D9-0A82F039735A}.Debug|iPhone.Build.0 = Debug|Any CPU
		{C693F45C-EE96-4AA8-99D9-0A82F039735A}.Debug|iPhone.Deploy.0 = Debug|Any CPU
		{C693F45C-EE96-4AA8-99D9-0A82F039735A}.Debug|iPhoneSimulator.ActiveCfg = Debug|Any CPU
		{C693F45C-EE96-4AA8-99D9-0A82F039735A}.Debug|iPhoneSimulator.Build.0 = Debug|Any CPU
		{C693F45C-EE96-4AA8-99D9-0A82F039735A}.Debug|iPhoneSimulator.Deploy.0 = Debug|Any CPU
		{C693F45C-EE96-4AA8-99D9-0A82F039735A}.Release|Any CPU.ActiveCfg = Release|Any CPU
		{C693F45C-EE96-4AA8-99D9-0A82F039735A}.Release|Any CPU.Build.0 = Release|Any CPU
		{C693F45C-EE96-4AA8-99D9-0A82F039735A}.Release|Any CPU.Deploy.0 = Release|Any CPU
		{C693F45C-EE96-4AA8-99D9-0A82F039735A}.Release|iPhone.ActiveCfg = Release|Any CPU
		{C693F45C-EE96-4AA8-99D9-0A82F039735A}.Release|iPhone.Build.0 = Release|Any CPU
		{C693F45C-EE96-4AA8-99D9-0A82F039735A}.Release|iPhone.Deploy.0 = Release|Any CPU
		{C693F45C-EE96-4AA8-99D9-0A82F039735A}.Release|iPhoneSimulator.ActiveCfg = Release|Any CPU
		{C693F45C-EE96-4AA8-99D9-0A82F039735A}.Release|iPhoneSimulator.Build.0 = Release|Any CPU
		{C693F45C-EE96-4AA8-99D9-0A82F039735A}.Release|iPhoneSimulator.Deploy.0 = Release|Any CPU
		{B7759B6D-5BAD-4E3B-A2D1-0D66C997CC37}.Ad-Hoc|Any CPU.ActiveCfg = Ad-Hoc|iPhone
		{B7759B6D-5BAD-4E3B-A2D1-0D66C997CC37}.Ad-Hoc|iPhone.ActiveCfg = Ad-Hoc|iPhone
		{B7759B6D-5BAD-4E3B-A2D1-0D66C997CC37}.Ad-Hoc|iPhone.Build.0 = Ad-Hoc|iPhone
		{B7759B6D-5BAD-4E3B-A2D1-0D66C997CC37}.Ad-Hoc|iPhoneSimulator.ActiveCfg = Ad-Hoc|iPhoneSimulator
		{B7759B6D-5BAD-4E3B-A2D1-0D66C997CC37}.Ad-Hoc|iPhoneSimulator.Build.0 = Ad-Hoc|iPhoneSimulator
		{B7759B6D-5BAD-4E3B-A2D1-0D66C997CC37}.AppStore|Any CPU.ActiveCfg = AppStore|iPhone
		{B7759B6D-5BAD-4E3B-A2D1-0D66C997CC37}.AppStore|iPhone.ActiveCfg = AppStore|iPhone
		{B7759B6D-5BAD-4E3B-A2D1-0D66C997CC37}.AppStore|iPhone.Build.0 = AppStore|iPhone
		{B7759B6D-5BAD-4E3B-A2D1-0D66C997CC37}.AppStore|iPhoneSimulator.ActiveCfg = AppStore|iPhoneSimulator
		{B7759B6D-5BAD-4E3B-A2D1-0D66C997CC37}.AppStore|iPhoneSimulator.Build.0 = AppStore|iPhoneSimulator
		{B7759B6D-5BAD-4E3B-A2D1-0D66C997CC37}.Debug|Any CPU.ActiveCfg = Debug|iPhone
		{B7759B6D-5BAD-4E3B-A2D1-0D66C997CC37}.Debug|iPhone.ActiveCfg = Debug|iPhone
		{B7759B6D-5BAD-4E3B-A2D1-0D66C997CC37}.Debug|iPhone.Build.0 = Debug|iPhone
		{B7759B6D-5BAD-4E3B-A2D1-0D66C997CC37}.Debug|iPhoneSimulator.ActiveCfg = Debug|iPhoneSimulator
		{B7759B6D-5BAD-4E3B-A2D1-0D66C997CC37}.Debug|iPhoneSimulator.Build.0 = Debug|iPhoneSimulator
		{B7759B6D-5BAD-4E3B-A2D1-0D66C997CC37}.Release|Any CPU.ActiveCfg = Release|iPhone
		{B7759B6D-5BAD-4E3B-A2D1-0D66C997CC37}.Release|iPhone.ActiveCfg = Release|iPhone
		{B7759B6D-5BAD-4E3B-A2D1-0D66C997CC37}.Release|iPhone.Build.0 = Release|iPhone
		{B7759B6D-5BAD-4E3B-A2D1-0D66C997CC37}.Release|iPhoneSimulator.ActiveCfg = Release|iPhoneSimulator
		{B7759B6D-5BAD-4E3B-A2D1-0D66C997CC37}.Release|iPhoneSimulator.Build.0 = Release|iPhoneSimulator
		{BAE2E48D-C4B0-4C57-AFCB-B7983D9E64B4}.Ad-Hoc|Any CPU.ActiveCfg = Release|Any CPU
		{BAE2E48D-C4B0-4C57-AFCB-B7983D9E64B4}.Ad-Hoc|Any CPU.Build.0 = Release|Any CPU
		{BAE2E48D-C4B0-4C57-AFCB-B7983D9E64B4}.Ad-Hoc|Any CPU.Deploy.0 = Release|Any CPU
		{BAE2E48D-C4B0-4C57-AFCB-B7983D9E64B4}.Ad-Hoc|iPhone.ActiveCfg = Release|Any CPU
		{BAE2E48D-C4B0-4C57-AFCB-B7983D9E64B4}.Ad-Hoc|iPhone.Build.0 = Release|Any CPU
		{BAE2E48D-C4B0-4C57-AFCB-B7983D9E64B4}.Ad-Hoc|iPhone.Deploy.0 = Release|Any CPU
		{BAE2E48D-C4B0-4C57-AFCB-B7983D9E64B4}.Ad-Hoc|iPhoneSimulator.ActiveCfg = Release|Any CPU
		{BAE2E48D-C4B0-4C57-AFCB-B7983D9E64B4}.Ad-Hoc|iPhoneSimulator.Build.0 = Release|Any CPU
		{BAE2E48D-C4B0-4C57-AFCB-B7983D9E64B4}.Ad-Hoc|iPhoneSimulator.Deploy.0 = Release|Any CPU
		{BAE2E48D-C4B0-4C57-AFCB-B7983D9E64B4}.AppStore|Any CPU.ActiveCfg = Release|Any CPU
		{BAE2E48D-C4B0-4C57-AFCB-B7983D9E64B4}.AppStore|Any CPU.Build.0 = Release|Any CPU
		{BAE2E48D-C4B0-4C57-AFCB-B7983D9E64B4}.AppStore|Any CPU.Deploy.0 = Release|Any CPU
		{BAE2E48D-C4B0-4C57-AFCB-B7983D9E64B4}.AppStore|iPhone.ActiveCfg = Release|Any CPU
		{BAE2E48D-C4B0-4C57-AFCB-B7983D9E64B4}.AppStore|iPhone.Build.0 = Release|Any CPU
		{BAE2E48D-C4B0-4C57-AFCB-B7983D9E64B4}.AppStore|iPhone.Deploy.0 = Release|Any CPU
		{BAE2E48D-C4B0-4C57-AFCB-B7983D9E64B4}.AppStore|iPhoneSimulator.ActiveCfg = Release|Any CPU
		{BAE2E48D-C4B0-4C57-AFCB-B7983D9E64B4}.AppStore|iPhoneSimulator.Build.0 = Release|Any CPU
		{BAE2E48D-C4B0-4C57-AFCB-B7983D9E64B4}.AppStore|iPhoneSimulator.Deploy.0 = Release|Any CPU
		{BAE2E48D-C4B0-4C57-AFCB-B7983D9E64B4}.Debug|Any CPU.ActiveCfg = Debug|Any CPU
		{BAE2E48D-C4B0-4C57-AFCB-B7983D9E64B4}.Debug|Any CPU.Build.0 = Debug|Any CPU
		{BAE2E48D-C4B0-4C57-AFCB-B7983D9E64B4}.Debug|Any CPU.Deploy.0 = Debug|Any CPU
		{BAE2E48D-C4B0-4C57-AFCB-B7983D9E64B4}.Debug|iPhone.ActiveCfg = Debug|Any CPU
		{BAE2E48D-C4B0-4C57-AFCB-B7983D9E64B4}.Debug|iPhone.Build.0 = Debug|Any CPU
		{BAE2E48D-C4B0-4C57-AFCB-B7983D9E64B4}.Debug|iPhone.Deploy.0 = Debug|Any CPU
		{BAE2E48D-C4B0-4C57-AFCB-B7983D9E64B4}.Debug|iPhoneSimulator.ActiveCfg = Debug|Any CPU
		{BAE2E48D-C4B0-4C57-AFCB-B7983D9E64B4}.Debug|iPhoneSimulator.Build.0 = Debug|Any CPU
		{BAE2E48D-C4B0-4C57-AFCB-B7983D9E64B4}.Debug|iPhoneSimulator.Deploy.0 = Debug|Any CPU
		{BAE2E48D-C4B0-4C57-AFCB-B7983D9E64B4}.Release|Any CPU.ActiveCfg = Release|Any CPU
		{BAE2E48D-C4B0-4C57-AFCB-B7983D9E64B4}.Release|Any CPU.Build.0 = Release|Any CPU
		{BAE2E48D-C4B0-4C57-AFCB-B7983D9E64B4}.Release|Any CPU.Deploy.0 = Release|Any CPU
		{BAE2E48D-C4B0-4C57-AFCB-B7983D9E64B4}.Release|iPhone.ActiveCfg = Release|Any CPU
		{BAE2E48D-C4B0-4C57-AFCB-B7983D9E64B4}.Release|iPhone.Build.0 = Release|Any CPU
		{BAE2E48D-C4B0-4C57-AFCB-B7983D9E64B4}.Release|iPhone.Deploy.0 = Release|Any CPU
		{BAE2E48D-C4B0-4C57-AFCB-B7983D9E64B4}.Release|iPhoneSimulator.ActiveCfg = Release|Any CPU
		{BAE2E48D-C4B0-4C57-AFCB-B7983D9E64B4}.Release|iPhoneSimulator.Build.0 = Release|Any CPU
		{BAE2E48D-C4B0-4C57-AFCB-B7983D9E64B4}.Release|iPhoneSimulator.Deploy.0 = Release|Any CPU
		{2FB7E3BA-14FF-4CBD-808A-61E5391A0621}.Ad-Hoc|Any CPU.ActiveCfg = Release|iPhone
		{2FB7E3BA-14FF-4CBD-808A-61E5391A0621}.Ad-Hoc|Any CPU.Build.0 = Release|iPhone
		{2FB7E3BA-14FF-4CBD-808A-61E5391A0621}.Ad-Hoc|iPhone.ActiveCfg = Release|iPhone
		{2FB7E3BA-14FF-4CBD-808A-61E5391A0621}.Ad-Hoc|iPhone.Build.0 = Release|iPhone
		{2FB7E3BA-14FF-4CBD-808A-61E5391A0621}.Ad-Hoc|iPhoneSimulator.ActiveCfg = Release|iPhoneSimulator
		{2FB7E3BA-14FF-4CBD-808A-61E5391A0621}.Ad-Hoc|iPhoneSimulator.Build.0 = Release|iPhoneSimulator
		{2FB7E3BA-14FF-4CBD-808A-61E5391A0621}.AppStore|Any CPU.ActiveCfg = Release|iPhone
		{2FB7E3BA-14FF-4CBD-808A-61E5391A0621}.AppStore|Any CPU.Build.0 = Release|iPhone
		{2FB7E3BA-14FF-4CBD-808A-61E5391A0621}.AppStore|iPhone.ActiveCfg = Release|iPhone
		{2FB7E3BA-14FF-4CBD-808A-61E5391A0621}.AppStore|iPhone.Build.0 = Release|iPhone
		{2FB7E3BA-14FF-4CBD-808A-61E5391A0621}.AppStore|iPhoneSimulator.ActiveCfg = Release|iPhoneSimulator
		{2FB7E3BA-14FF-4CBD-808A-61E5391A0621}.AppStore|iPhoneSimulator.Build.0 = Release|iPhoneSimulator
		{2FB7E3BA-14FF-4CBD-808A-61E5391A0621}.Debug|Any CPU.ActiveCfg = Debug|iPhone
		{2FB7E3BA-14FF-4CBD-808A-61E5391A0621}.Debug|iPhone.ActiveCfg = Debug|iPhone
		{2FB7E3BA-14FF-4CBD-808A-61E5391A0621}.Debug|iPhone.Build.0 = Debug|iPhone
		{2FB7E3BA-14FF-4CBD-808A-61E5391A0621}.Debug|iPhoneSimulator.ActiveCfg = Debug|iPhoneSimulator
		{2FB7E3BA-14FF-4CBD-808A-61E5391A0621}.Debug|iPhoneSimulator.Build.0 = Debug|iPhoneSimulator
		{2FB7E3BA-14FF-4CBD-808A-61E5391A0621}.Release|Any CPU.ActiveCfg = Release|iPhone
		{2FB7E3BA-14FF-4CBD-808A-61E5391A0621}.Release|iPhone.ActiveCfg = Release|iPhone
		{2FB7E3BA-14FF-4CBD-808A-61E5391A0621}.Release|iPhone.Build.0 = Release|iPhone
		{2FB7E3BA-14FF-4CBD-808A-61E5391A0621}.Release|iPhoneSimulator.ActiveCfg = Release|iPhoneSimulator
		{2FB7E3BA-14FF-4CBD-808A-61E5391A0621}.Release|iPhoneSimulator.Build.0 = Release|iPhoneSimulator
	EndGlobalSection
	GlobalSection(SolutionProperties) = preSolution
		HideSolutionNode = FALSE
	EndGlobalSection
	GlobalSection(ExtensibilityGlobals) = postSolution
		RESX_ConfirmAddLanguageFile = True
		RESX_AutoCreateNewLanguageFiles = True
		RESX_NeutralResourcesLanguage = en-US
		SolutionGuid = {34119796-137E-486F-8463-06157ADDFB31}
	EndGlobalSection
EndGlobal
